
Microsoft Visual Studio Solution File, Format Version 12.00
# Visual Studio Version 17
VisualStudioVersion = 17.6.33417.168
MinimumVisualStudioVersion = 10.0.40219.1
Project("{9A19103F-16F7-4668-BE54-9A1E7A4F7556}") = "MapleLib", "MapleLib\MapleLib.csproj", "{28AAB36D-942E-4476-A000-0E9DE380F390}"
EndProject
Project("{9A19103F-16F7-4668-BE54-9A1E7A4F7556}") = "spine-csharp 2.1.25", "spine-runtimes-2.1.25\spine-csharp\spine-csharp 2.1.25.csproj", "{94144E22-2431-4A8F-AC04-DEC22F7EDD8F}"
EndProject
Global
	GlobalSection(SolutionConfigurationPlatforms) = preSolution
		Debug|Any CPU = Debug|Any CPU
		Debug|x64 = Debug|x64
		Debug|x86 = Debug|x86
		Release|Any CPU = Release|Any CPU
		Release|x64 = Release|x64
		Release|x86 = Release|x86
	EndGlobalSection
	GlobalSection(ProjectConfigurationPlatforms) = postSolution
		{28AAB36D-942E-4476-A000-0E9DE380F390}.Debug|Any CPU.ActiveCfg = Debug|Any CPU
		{28AAB36D-942E-4476-A000-0E9DE380F390}.Debug|Any CPU.Build.0 = Debug|Any CPU
		{28AAB36D-942E-4476-A000-0E9DE380F390}.Debug|x64.ActiveCfg = Debug|x64
		{28AAB36D-942E-4476-A000-0E9DE380F390}.Debug|x64.Build.0 = Debug|x64
		{28AAB36D-942E-4476-A000-0E9DE380F390}.Debug|x86.ActiveCfg = Debug|Any CPU
		{28AAB36D-942E-4476-A000-0E9DE380F390}.Debug|x86.Build.0 = Debug|Any CPU
		{28AAB36D-942E-4476-A000-0E9DE380F390}.Release|Any CPU.ActiveCfg = Release|Any CPU
		{28AAB36D-942E-4476-A000-0E9DE380F390}.Release|Any CPU.Build.0 = Release|Any CPU
		{28AAB36D-942E-4476-A000-0E9DE380F390}.Release|x64.ActiveCfg = Release|x64
		{28AAB36D-942E-4476-A000-0E9DE380F390}.Release|x64.Build.0 = Release|x64
		{28AAB36D-942E-4476-A000-0E9DE380F390}.Release|x86.ActiveCfg = Release|x86
		{28AAB36D-942E-4476-A000-0E9DE380F390}.Release|x86.Build.0 = Release|x86
		{94144E22-2431-4A8F-AC04-DEC22F7EDD8F}.Debug|Any CPU.ActiveCfg = Debug|Any CPU
		{94144E22-2431-4A8F-AC04-DEC22F7EDD8F}.Debug|Any CPU.Build.0 = Debug|Any CPU
		{94144E22-2431-4A8F-AC04-DEC22F7EDD8F}.Debug|x64.ActiveCfg = Debug|Any CPU
		{94144E22-2431-4A8F-AC04-DEC22F7EDD8F}.Debug|x64.Build.0 = Debug|Any CPU
		{94144E22-2431-4A8F-AC04-DEC22F7EDD8F}.Debug|x86.ActiveCfg = Debug|Any CPU
		{94144E22-2431-4A8F-AC04-DEC22F7EDD8F}.Debug|x86.Build.0 = Debug|Any CPU
		{94144E22-2431-4A8F-AC04-DEC22F7EDD8F}.Release|Any CPU.ActiveCfg = Release|Any CPU
		{94144E22-2431-4A8F-AC04-DEC22F7EDD8F}.Release|Any CPU.Build.0 = Release|Any CPU
		{94144E22-2431-4A8F-AC04-DEC22F7EDD8F}.Release|x64.ActiveCfg = Release|Any CPU
		{94144E22-2431-4A8F-AC04-DEC22F7EDD8F}.Release|x64.Build.0 = Release|Any CPU
		{94144E22-2431-4A8F-AC04-DEC22F7EDD8F}.Release|x86.ActiveCfg = Release|Any CPU
		{94144E22-2431-4A8F-AC04-DEC22F7EDD8F}.Release|x86.Build.0 = Release|Any CPU
	EndGlobalSection
	GlobalSection(SolutionProperties) = preSolution
		HideSolutionNode = FALSE
	EndGlobalSection
	GlobalSection(ExtensibilityGlobals) = postSolution
		SolutionGuid = {22AD4825-0442-44AB-9664-EF87337834E1}
	EndGlobalSection
EndGlobal
